
Microsoft Visual Studio Solution File, Format Version 12.00
# Visual Studio Version 16
VisualStudioVersion = 16.0.30621.155
MinimumVisualStudioVersion = 10.0.40219.1
Project("{2150E333-8FDC-42A3-9474-1A3956D46DE8}") = "src", "src", "{69AE2638-32F7-44AC-A9CE-DA505260B03A}"
EndProject
Project("{2150E333-8FDC-42A3-9474-1A3956D46DE8}") = "Building Blocks", "Building Blocks", "{7C638A4B-3325-4819-B3BB-6BFF015D3F1A}"
EndProject
Project("{2150E333-8FDC-42A3-9474-1A3956D46DE8}") = "Services", "Services", "{F761BA41-6E32-4822-B855-42BE263080AE}"
EndProject
Project("{2150E333-8FDC-42A3-9474-1A3956D46DE8}") = "Web", "Web", "{06C14047-CD12-483D-9337-C49254F43443}"
EndProject
Project("{2150E333-8FDC-42A3-9474-1A3956D46DE8}") = "Identidade", "Identidade", "{DEF3DEE5-76C6-47B9-8DCB-BF105E08F057}"
EndProject
Project("{9A19103F-16F7-4668-BE54-9A1E7A4F7556}") = "MS.Identidade.API", "src\services\MS.Identidade.API\MS.Identidade.API.csproj", "{C75A8E94-003B-4F04-9570-646CCEFCE80A}"
EndProject
Project("{2150E333-8FDC-42A3-9474-1A3956D46DE8}") = "MVC", "MVC", "{6609BBC0-2ED0-4A6C-A6D3-571BDE931B8D}"
EndProject
Project("{9A19103F-16F7-4668-BE54-9A1E7A4F7556}") = "MS.WebApp.MVC", "src\web\MS.WebApp.MVC\MS.WebApp.MVC.csproj", "{7E4042D9-6C06-4231-83FA-02434AF13D11}"
EndProject
Project("{2150E333-8FDC-42A3-9474-1A3956D46DE8}") = "Core", "Core", "{8FF4B2B9-9BE0-48BB-BC60-9212DA7005A9}"
EndProject
Project("{9A19103F-16F7-4668-BE54-9A1E7A4F7556}") = "MS.Core", "src\building blocks\MS.Core\MS.Core.csproj", "{50BA6B90-D6C0-49C2-B453-8CE3365E053C}"
EndProject
Project("{2150E333-8FDC-42A3-9474-1A3956D46DE8}") = "Carrinho", "Carrinho", "{9086940B-BAF0-4728-B70F-0575459C6556}"
EndProject
Project("{2150E333-8FDC-42A3-9474-1A3956D46DE8}") = "Pedido", "Pedido", "{F7BDD044-2FAB-479F-B7F6-EB3DD6EEA8E8}"
EndProject
Project("{2150E333-8FDC-42A3-9474-1A3956D46DE8}") = "Pagamento", "Pagamento", "{6B58F4FA-B3A8-438D-A759-750B711D3549}"
EndProject
Project("{2150E333-8FDC-42A3-9474-1A3956D46DE8}") = "Cliente", "Cliente", "{B95DE1D2-4C41-4939-BD15-D13707915E7F}"
EndProject
Project("{2150E333-8FDC-42A3-9474-1A3956D46DE8}") = "Catalogo", "Catalogo", "{2EF27F7E-42E2-49BF-ACAF-A9EBF35F3E80}"
EndProject
Project("{9A19103F-16F7-4668-BE54-9A1E7A4F7556}") = "MS.Carrinho.API", "src\services\MS.Carrinho.API\MS.Carrinho.API.csproj", "{562BEA42-D083-441D-8741-D25C42B265E2}"
EndProject
Project("{9A19103F-16F7-4668-BE54-9A1E7A4F7556}") = "MS.Catalogo.API", "src\services\MS.Catalogo.API\MS.Catalogo.API.csproj", "{1BE5EDDD-076B-487F-BEE3-53B973CF156C}"
EndProject
Project("{9A19103F-16F7-4668-BE54-9A1E7A4F7556}") = "MS.Cliente.API", "src\services\MS.Cliente.API\MS.Cliente.API.csproj", "{7E0AC156-DA12-45EA-9E64-443A68F236AA}"
EndProject
Project("{9A19103F-16F7-4668-BE54-9A1E7A4F7556}") = "MS.Pedido.API", "src\services\MS.Pedido.API\MS.Pedido.API.csproj", "{09CADDC3-7FE8-4EF9-A586-4A59CF6FFA73}"
EndProject
Project("{9A19103F-16F7-4668-BE54-9A1E7A4F7556}") = "MS.Pagamento.API", "src\services\MS.Pagamento.API\MS.Pagamento.API.csproj", "{968FE8B8-97EB-4938-9B9F-3ACC8E9DD7BC}"
EndProject
Project("{2150E333-8FDC-42A3-9474-1A3956D46DE8}") = "Services", "Services", "{7FD83B2E-8E7D-4467-840B-C97E1D328BC1}"
EndProject
Project("{FAE04EC0-301F-11D3-BF4B-00C04F79EFBC}") = "MS.WebAPI.Core", "src\building blocks\MS.WebAPI.Core\MS.WebAPI.Core.csproj", "{BD32D569-9225-428A-A46D-D13495703F7D}"
EndProject
Global
	GlobalSection(SolutionConfigurationPlatforms) = preSolution
		Debug|Any CPU = Debug|Any CPU
		Release|Any CPU = Release|Any CPU
	EndGlobalSection
	GlobalSection(ProjectConfigurationPlatforms) = postSolution
		{C75A8E94-003B-4F04-9570-646CCEFCE80A}.Debug|Any CPU.ActiveCfg = Debug|Any CPU
		{C75A8E94-003B-4F04-9570-646CCEFCE80A}.Debug|Any CPU.Build.0 = Debug|Any CPU
		{C75A8E94-003B-4F04-9570-646CCEFCE80A}.Release|Any CPU.ActiveCfg = Release|Any CPU
		{C75A8E94-003B-4F04-9570-646CCEFCE80A}.Release|Any CPU.Build.0 = Release|Any CPU
		{7E4042D9-6C06-4231-83FA-02434AF13D11}.Debug|Any CPU.ActiveCfg = Debug|Any CPU
		{7E4042D9-6C06-4231-83FA-02434AF13D11}.Debug|Any CPU.Build.0 = Debug|Any CPU
		{7E4042D9-6C06-4231-83FA-02434AF13D11}.Release|Any CPU.ActiveCfg = Release|Any CPU
		{7E4042D9-6C06-4231-83FA-02434AF13D11}.Release|Any CPU.Build.0 = Release|Any CPU
		{50BA6B90-D6C0-49C2-B453-8CE3365E053C}.Debug|Any CPU.ActiveCfg = Debug|Any CPU
		{50BA6B90-D6C0-49C2-B453-8CE3365E053C}.Debug|Any CPU.Build.0 = Debug|Any CPU
		{50BA6B90-D6C0-49C2-B453-8CE3365E053C}.Release|Any CPU.ActiveCfg = Release|Any CPU
		{50BA6B90-D6C0-49C2-B453-8CE3365E053C}.Release|Any CPU.Build.0 = Release|Any CPU
		{562BEA42-D083-441D-8741-D25C42B265E2}.Debug|Any CPU.ActiveCfg = Debug|Any CPU
		{562BEA42-D083-441D-8741-D25C42B265E2}.Debug|Any CPU.Build.0 = Debug|Any CPU
		{562BEA42-D083-441D-8741-D25C42B265E2}.Release|Any CPU.ActiveCfg = Release|Any CPU
		{562BEA42-D083-441D-8741-D25C42B265E2}.Release|Any CPU.Build.0 = Release|Any CPU
		{1BE5EDDD-076B-487F-BEE3-53B973CF156C}.Debug|Any CPU.ActiveCfg = Debug|Any CPU
		{1BE5EDDD-076B-487F-BEE3-53B973CF156C}.Debug|Any CPU.Build.0 = Debug|Any CPU
		{1BE5EDDD-076B-487F-BEE3-53B973CF156C}.Release|Any CPU.ActiveCfg = Release|Any CPU
		{1BE5EDDD-076B-487F-BEE3-53B973CF156C}.Release|Any CPU.Build.0 = Release|Any CPU
		{7E0AC156-DA12-45EA-9E64-443A68F236AA}.Debug|Any CPU.ActiveCfg = Debug|Any CPU
		{7E0AC156-DA12-45EA-9E64-443A68F236AA}.Debug|Any CPU.Build.0 = Debug|Any CPU
		{7E0AC156-DA12-45EA-9E64-443A68F236AA}.Release|Any CPU.ActiveCfg = Release|Any CPU
		{7E0AC156-DA12-45EA-9E64-443A68F236AA}.Release|Any CPU.Build.0 = Release|Any CPU
		{09CADDC3-7FE8-4EF9-A586-4A59CF6FFA73}.Debug|Any CPU.ActiveCfg = Debug|Any CPU
		{09CADDC3-7FE8-4EF9-A586-4A59CF6FFA73}.Debug|Any CPU.Build.0 = Debug|Any CPU
		{09CADDC3-7FE8-4EF9-A586-4A59CF6FFA73}.Release|Any CPU.ActiveCfg = Release|Any CPU
		{09CADDC3-7FE8-4EF9-A586-4A59CF6FFA73}.Release|Any CPU.Build.0 = Release|Any CPU
		{968FE8B8-97EB-4938-9B9F-3ACC8E9DD7BC}.Debug|Any CPU.ActiveCfg = Debug|Any CPU
		{968FE8B8-97EB-4938-9B9F-3ACC8E9DD7BC}.Debug|Any CPU.Build.0 = Debug|Any CPU
		{968FE8B8-97EB-4938-9B9F-3ACC8E9DD7BC}.Release|Any CPU.ActiveCfg = Release|Any CPU
		{968FE8B8-97EB-4938-9B9F-3ACC8E9DD7BC}.Release|Any CPU.Build.0 = Release|Any CPU
		{BD32D569-9225-428A-A46D-D13495703F7D}.Debug|Any CPU.ActiveCfg = Debug|Any CPU
		{BD32D569-9225-428A-A46D-D13495703F7D}.Debug|Any CPU.Build.0 = Debug|Any CPU
		{BD32D569-9225-428A-A46D-D13495703F7D}.Release|Any CPU.ActiveCfg = Release|Any CPU
		{BD32D569-9225-428A-A46D-D13495703F7D}.Release|Any CPU.Build.0 = Release|Any CPU
	EndGlobalSection
	GlobalSection(SolutionProperties) = preSolution
		HideSolutionNode = FALSE
	EndGlobalSection
	GlobalSection(NestedProjects) = preSolution
		{7C638A4B-3325-4819-B3BB-6BFF015D3F1A} = {69AE2638-32F7-44AC-A9CE-DA505260B03A}
		{F761BA41-6E32-4822-B855-42BE263080AE} = {69AE2638-32F7-44AC-A9CE-DA505260B03A}
		{06C14047-CD12-483D-9337-C49254F43443} = {69AE2638-32F7-44AC-A9CE-DA505260B03A}
		{DEF3DEE5-76C6-47B9-8DCB-BF105E08F057} = {F761BA41-6E32-4822-B855-42BE263080AE}
		{C75A8E94-003B-4F04-9570-646CCEFCE80A} = {DEF3DEE5-76C6-47B9-8DCB-BF105E08F057}
		{6609BBC0-2ED0-4A6C-A6D3-571BDE931B8D} = {06C14047-CD12-483D-9337-C49254F43443}
		{7E4042D9-6C06-4231-83FA-02434AF13D11} = {6609BBC0-2ED0-4A6C-A6D3-571BDE931B8D}
		{8FF4B2B9-9BE0-48BB-BC60-9212DA7005A9} = {7C638A4B-3325-4819-B3BB-6BFF015D3F1A}
		{50BA6B90-D6C0-49C2-B453-8CE3365E053C} = {8FF4B2B9-9BE0-48BB-BC60-9212DA7005A9}
		{9086940B-BAF0-4728-B70F-0575459C6556} = {F761BA41-6E32-4822-B855-42BE263080AE}
		{F7BDD044-2FAB-479F-B7F6-EB3DD6EEA8E8} = {F761BA41-6E32-4822-B855-42BE263080AE}
		{6B58F4FA-B3A8-438D-A759-750B711D3549} = {F761BA41-6E32-4822-B855-42BE263080AE}
		{B95DE1D2-4C41-4939-BD15-D13707915E7F} = {F761BA41-6E32-4822-B855-42BE263080AE}
		{2EF27F7E-42E2-49BF-ACAF-A9EBF35F3E80} = {F761BA41-6E32-4822-B855-42BE263080AE}
		{562BEA42-D083-441D-8741-D25C42B265E2} = {9086940B-BAF0-4728-B70F-0575459C6556}
		{1BE5EDDD-076B-487F-BEE3-53B973CF156C} = {2EF27F7E-42E2-49BF-ACAF-A9EBF35F3E80}
		{7E0AC156-DA12-45EA-9E64-443A68F236AA} = {B95DE1D2-4C41-4939-BD15-D13707915E7F}
		{09CADDC3-7FE8-4EF9-A586-4A59CF6FFA73} = {F7BDD044-2FAB-479F-B7F6-EB3DD6EEA8E8}
		{968FE8B8-97EB-4938-9B9F-3ACC8E9DD7BC} = {6B58F4FA-B3A8-438D-A759-750B711D3549}
		{7FD83B2E-8E7D-4467-840B-C97E1D328BC1} = {7C638A4B-3325-4819-B3BB-6BFF015D3F1A}
		{BD32D569-9225-428A-A46D-D13495703F7D} = {7FD83B2E-8E7D-4467-840B-C97E1D328BC1}
	EndGlobalSection
	GlobalSection(ExtensibilityGlobals) = postSolution
		SolutionGuid = {C521070B-A35C-4253-A57B-5B87394C3847}
	EndGlobalSection
EndGlobal
